github.com/holoplot/go-evdev v0.0.0-20250804134636-ab1d56a1fe83 h1:B+A58zGFuDrvEZpPN+yS6swJA0nzqgZvDzgl/OPyefU=
github.com/holoplot/go-evdev v0.0.0-20250804134636-ab1d56a1fe83/go.mod h1:iHAf8OIncO2gcQ8XOjS7CMJ2aPbX2Bs0wl5pZyanEqk=
github.com/yuin/gopher-lua v1.1.1 h1:kYKnWBjvbNP4XLT3+bPEwAXJx262OhaHDWDVOPjL46M=
github.com/yuin/gopher-lua v1.1.1/go.mod h1:GBR0iDaNXjAgGg9zfCvksxSRnQx76gclCIb7kdAd1Pw=
